
Microsoft Visual Studio Solution File, Format Version 12.00
# Visual Studio Version 16
VisualStudioVersion = 16.0.31624.102
MinimumVisualStudioVersion = 10.0.40219.1
Project("{FAE04EC0-301F-11D3-BF4B-00C04F79EFBC}") = "WhatXamarinUI.UWP", "WhatXamarinUI\WhatXamarinUI.UWP\WhatXamarinUI.UWP.csproj", "{66DEDE8F-9E51-49F9-98BD-ADDF7E2C59CE}"
EndProject
Project("{FAE04EC0-301F-11D3-BF4B-00C04F79EFBC}") = "WhatXamarinUI.Android", "WhatXamarinUI\WhatXamarinUI.Android\WhatXamarinUI.Android.csproj", "{35557CD8-BAB7-4800-A706-D56E28A43936}"
EndProject
Project("{FAE04EC0-301F-11D3-BF4B-00C04F79EFBC}") = "WhatXamarinUI.iOS", "WhatXamarinUI\WhatXamarinUI.iOS\WhatXamarinUI.iOS.csproj", "{773118B9-2102-4EB2-A426-75CCB1BA0328}"
EndProject
Project("{FAE04EC0-301F-11D3-BF4B-00C04F79EFBC}") = "WhatXamarinUI", "WhatXamarinUI\WhatXamarinUI\WhatXamarinUI.csproj", "{C525D983-45DB-47A2-9C4B-40BEE5E626B8}"
EndProject
Global
	GlobalSection(SolutionConfigurationPlatforms) = preSolution
		Debug|Any CPU = Debug|Any CPU
		Debug|ARM = Debug|ARM
		Debug|iPhone = Debug|iPhone
		Debug|iPhoneSimulator = Debug|iPhoneSimulator
		Debug|x64 = Debug|x64
		Debug|x86 = Debug|x86
		Release|Any CPU = Release|Any CPU
		Release|ARM = Release|ARM
		Release|iPhone = Release|iPhone
		Release|iPhoneSimulator = Release|iPhoneSimulator
		Release|x64 = Release|x64
		Release|x86 = Release|x86
	EndGlobalSection
	GlobalSection(ProjectConfigurationPlatforms) = postSolution
		{66DEDE8F-9E51-49F9-98BD-ADDF7E2C59CE}.Debug|Any CPU.ActiveCfg = Debug|x86
		{66DEDE8F-9E51-49F9-98BD-ADDF7E2C59CE}.Debug|Any CPU.Build.0 = Debug|x86
		{66DEDE8F-9E51-49F9-98BD-ADDF7E2C59CE}.Debug|Any CPU.Deploy.0 = Debug|x86
		{66DEDE8F-9E51-49F9-98BD-ADDF7E2C59CE}.Debug|ARM.ActiveCfg = Debug|ARM
		{66DEDE8F-9E51-49F9-98BD-ADDF7E2C59CE}.Debug|ARM.Build.0 = Debug|ARM
		{66DEDE8F-9E51-49F9-98BD-ADDF7E2C59CE}.Debug|ARM.Deploy.0 = Debug|ARM
		{66DEDE8F-9E51-49F9-98BD-ADDF7E2C59CE}.Debug|iPhone.ActiveCfg = Debug|x86
		{66DEDE8F-9E51-49F9-98BD-ADDF7E2C59CE}.Debug|iPhone.Build.0 = Debug|x86
		{66DEDE8F-9E51-49F9-98BD-ADDF7E2C59CE}.Debug|iPhone.Deploy.0 = Debug|x86
		{66DEDE8F-9E51-49F9-98BD-ADDF7E2C59CE}.Debug|iPhoneSimulator.ActiveCfg = Debug|x86
		{66DEDE8F-9E51-49F9-98BD-ADDF7E2C59CE}.Debug|iPhoneSimulator.Build.0 = Debug|x86
		{66DEDE8F-9E51-49F9-98BD-ADDF7E2C59CE}.Debug|iPhoneSimulator.Deploy.0 = Debug|x86
		{66DEDE8F-9E51-49F9-98BD-ADDF7E2C59CE}.Debug|x64.ActiveCfg = Debug|x64
		{66DEDE8F-9E51-49F9-98BD-ADDF7E2C59CE}.Debug|x64.Build.0 = Debug|x64
		{66DEDE8F-9E51-49F9-98BD-ADDF7E2C59CE}.Debug|x64.Deploy.0 = Debug|x64
		{66DEDE8F-9E51-49F9-98BD-ADDF7E2C59CE}.Debug|x86.ActiveCfg = Debug|x86
		{66DEDE8F-9E51-49F9-98BD-ADDF7E2C59CE}.Debug|x86.Build.0 = Debug|x86
		{66DEDE8F-9E51-49F9-98BD-ADDF7E2C59CE}.Debug|x86.Deploy.0 = Debug|x86
		{66DEDE8F-9E51-49F9-98BD-ADDF7E2C59CE}.Release|Any CPU.ActiveCfg = Release|x86
		{66DEDE8F-9E51-49F9-98BD-ADDF7E2C59CE}.Release|Any CPU.Build.0 = Release|x86
		{66DEDE8F-9E51-49F9-98BD-ADDF7E2C59CE}.Release|Any CPU.Deploy.0 = Release|x86
		{66DEDE8F-9E51-49F9-98BD-ADDF7E2C59CE}.Release|ARM.ActiveCfg = Release|ARM
		{66DEDE8F-9E51-49F9-98BD-ADDF7E2C59CE}.Release|ARM.Build.0 = Release|ARM
		{66DEDE8F-9E51-49F9-98BD-ADDF7E2C59CE}.Release|ARM.Deploy.0 = Release|ARM
		{66DEDE8F-9E51-49F9-98BD-ADDF7E2C59CE}.Release|iPhone.ActiveCfg = Release|x86
		{66DEDE8F-9E51-49F9-98BD-ADDF7E2C59CE}.Release|iPhone.Build.0 = Release|x86
		{66DEDE8F-9E51-49F9-98BD-ADDF7E2C59CE}.Release|iPhone.Deploy.0 = Release|x86
		{66DEDE8F-9E51-49F9-98BD-ADDF7E2C59CE}.Release|iPhoneSimulator.ActiveCfg = Release|x86
		{66DEDE8F-9E51-49F9-98BD-ADDF7E2C59CE}.Release|iPhoneSimulator.Build.0 = Release|x86
		{66DEDE8F-9E51-49F9-98BD-ADDF7E2C59CE}.Release|iPhoneSimulator.Deploy.0 = Release|x86
		{66DEDE8F-9E51-49F9-98BD-ADDF7E2C59CE}.Release|x64.ActiveCfg = Release|x64
		{66DEDE8F-9E51-49F9-98BD-ADDF7E2C59CE}.Release|x64.Build.0 = Release|x64
		{66DEDE8F-9E51-49F9-98BD-ADDF7E2C59CE}.Release|x64.Deploy.0 = Release|x64
		{66DEDE8F-9E51-49F9-98BD-ADDF7E2C59CE}.Release|x86.ActiveCfg = Release|x86
		{66DEDE8F-9E51-49F9-98BD-ADDF7E2C59CE}.Release|x86.Build.0 = Release|x86
		{66DEDE8F-9E51-49F9-98BD-ADDF7E2C59CE}.Release|x86.Deploy.0 = Release|x86
		{35557CD8-BAB7-4800-A706-D56E28A43936}.Debug|Any CPU.ActiveCfg = Debug|Any CPU
		{35557CD8-BAB7-4800-A706-D56E28A43936}.Debug|Any CPU.Build.0 = Debug|Any CPU
		{35557CD8-BAB7-4800-A706-D56E28A43936}.Debug|Any CPU.Deploy.0 = Debug|Any CPU
		{35557CD8-BAB7-4800-A706-D56E28A43936}.Debug|ARM.ActiveCfg = Debug|Any CPU
		{35557CD8-BAB7-4800-A706-D56E28A43936}.Debug|ARM.Build.0 = Debug|Any CPU
		{35557CD8-BAB7-4800-A706-D56E28A43936}.Debug|ARM.Deploy.0 = Debug|Any CPU
		{35557CD8-BAB7-4800-A706-D56E28A43936}.Debug|iPhone.ActiveCfg = Debug|Any CPU
		{35557CD8-BAB7-4800-A706-D56E28A43936}.Debug|iPhone.Build.0 = Debug|Any CPU
		{35557CD8-BAB7-4800-A706-D56E28A43936}.Debug|iPhone.Deploy.0 = Debug|Any CPU
		{35557CD8-BAB7-4800-A706-D56E28A43936}.Debug|iPhoneSimulator.ActiveCfg = Debug|Any CPU
		{35557CD8-BAB7-4800-A706-D56E28A43936}.Debug|iPhoneSimulator.Build.0 = Debug|Any CPU
		{35557CD8-BAB7-4800-A706-D56E28A43936}.Debug|iPhoneSimulator.Deploy.0 = Debug|Any CPU
		{35557CD8-BAB7-4800-A706-D56E28A43936}.Debug|x64.ActiveCfg = Debug|Any CPU
		{35557CD8-BAB7-4800-A706-D56E28A43936}.Debug|x64.Build.0 = Debug|Any CPU
		{35557CD8-BAB7-4800-A706-D56E28A43936}.Debug|x64.Deploy.0 = Debug|Any CPU
		{35557CD8-BAB7-4800-A706-D56E28A43936}.Debug|x86.ActiveCfg = Debug|Any CPU
		{35557CD8-BAB7-4800-A706-D56E28A43936}.Debug|x86.Build.0 = Debug|Any CPU
		{35557CD8-BAB7-4800-A706-D56E28A43936}.Debug|x86.Deploy.0 = Debug|Any CPU
		{35557CD8-BAB7-4800-A706-D56E28A43936}.Release|Any CPU.ActiveCfg = Release|Any CPU
		{35557CD8-BAB7-4800-A706-D56E28A43936}.Release|Any CPU.Build.0 = Release|Any CPU
		{35557CD8-BAB7-4800-A706-D56E28A43936}.Release|Any CPU.Deploy.0 = Release|Any CPU
		{35557CD8-BAB7-4800-A706-D56E28A43936}.Release|ARM.ActiveCfg = Release|Any CPU
		{35557CD8-BAB7-4800-A706-D56E28A43936}.Release|ARM.Build.0 = Release|Any CPU
		{35557CD8-BAB7-4800-A706-D56E28A43936}.Release|ARM.Deploy.0 = Release|Any CPU
		{35557CD8-BAB7-4800-A706-D56E28A43936}.Release|iPhone.ActiveCfg = Release|Any CPU
		{35557CD8-BAB7-4800-A706-D56E28A43936}.Release|iPhone.Build.0 = Release|Any CPU
		{35557CD8-BAB7-4800-A706-D56E28A43936}.Release|iPhone.Deploy.0 = Release|Any CPU
		{35557CD8-BAB7-4800-A706-D56E28A43936}.Release|iPhoneSimulator.ActiveCfg = Release|Any CPU
		{35557CD8-BAB7-4800-A706-D56E28A43936}.Release|iPhoneSimulator.Build.0 = Release|Any CPU
		{35557CD8-BAB7-4800-A706-D56E28A43936}.Release|iPhoneSimulator.Deploy.0 = Release|Any CPU
		{35557CD8-BAB7-4800-A706-D56E28A43936}.Release|x64.ActiveCfg = Release|Any CPU
		{35557CD8-BAB7-4800-A706-D56E28A43936}.Release|x64.Build.0 = Release|Any CPU
		{35557CD8-BAB7-4800-A706-D56E28A43936}.Release|x64.Deploy.0 = Release|Any CPU
		{35557CD8-BAB7-4800-A706-D56E28A43936}.Release|x86.ActiveCfg = Release|Any CPU
		{35557CD8-BAB7-4800-A706-D56E28A43936}.Release|x86.Build.0 = Release|Any CPU
		{35557CD8-BAB7-4800-A706-D56E28A43936}.Release|x86.Deploy.0 = Release|Any CPU
		{773118B9-2102-4EB2-A426-75CCB1BA0328}.Debug|Any CPU.ActiveCfg = Debug|iPhoneSimulator
		{773118B9-2102-4EB2-A426-75CCB1BA0328}.Debug|Any CPU.Build.0 = Debug|iPhoneSimulator
		{773118B9-2102-4EB2-A426-75CCB1BA0328}.Debug|Any CPU.Deploy.0 = Debug|iPhoneSimulator
		{773118B9-2102-4EB2-A426-75CCB1BA0328}.Debug|ARM.ActiveCfg = Debug|iPhone
		{773118B9-2102-4EB2-A426-75CCB1BA0328}.Debug|ARM.Build.0 = Debug|iPhone
		{773118B9-2102-4EB2-A426-75CCB1BA0328}.Debug|ARM.Deploy.0 = Debug|iPhone
		{773118B9-2102-4EB2-A426-75CCB1BA0328}.Debug|iPhone.ActiveCfg = Debug|iPhone
		{773118B9-2102-4EB2-A426-75CCB1BA0328}.Debug|iPhone.Build.0 = Debug|iPhone
		{773118B9-2102-4EB2-A426-75CCB1BA0328}.Debug|iPhone.Deploy.0 = Debug|iPhone
		{773118B9-2102-4EB2-A426-75CCB1BA0328}.Debug|iPhoneSimulator.ActiveCfg = Debug|iPhoneSimulator
		{773118B9-2102-4EB2-A426-75CCB1BA0328}.Debug|iPhoneSimulator.Build.0 = Debug|iPhoneSimulator
		{773118B9-2102-4EB2-A426-75CCB1BA0328}.Debug|iPhoneSimulator.Deploy.0 = Debug|iPhoneSimulator
		{773118B9-2102-4EB2-A426-75CCB1BA0328}.Debug|x64.ActiveCfg = Debug|iPhoneSimulator
		{773118B9-2102-4EB2-A426-75CCB1BA0328}.Debug|x64.Build.0 = Debug|iPhoneSimulator
		{773118B9-2102-4EB2-A426-75CCB1BA0328}.Debug|x64.Deploy.0 = Debug|iPhoneSimulator
		{773118B9-2102-4EB2-A426-75CCB1BA0328}.Debug|x86.ActiveCfg = Debug|iPhoneSimulator
		{773118B9-2102-4EB2-A426-75CCB1BA0328}.Debug|x86.Build.0 = Debug|iPhoneSimulator
		{773118B9-2102-4EB2-A426-75CCB1BA0328}.Debug|x86.Deploy.0 = Debug|iPhoneSimulator
		{773118B9-2102-4EB2-A426-75CCB1BA0328}.Release|Any CPU.ActiveCfg = Release|iPhoneSimulator
		{773118B9-2102-4EB2-A426-75CCB1BA0328}.Release|Any CPU.Build.0 = Release|iPhoneSimulator
		{773118B9-2102-4EB2-A426-75CCB1BA0328}.Release|Any CPU.Deploy.0 = Release|iPhoneSimulator
		{773118B9-2102-4EB2-A426-75CCB1BA0328}.Release|ARM.ActiveCfg = Release|iPhoneSimulator
		{773118B9-2102-4EB2-A426-75CCB1BA0328}.Release|ARM.Build.0 = Release|iPhoneSimulator
		{773118B9-2102-4EB2-A426-75CCB1BA0328}.Release|ARM.Deploy.0 = Release|iPhoneSimulator
		{773118B9-2102-4EB2-A426-75CCB1BA0328}.Release|iPhone.ActiveCfg = Release|iPhone
		{773118B9-2102-4EB2-A426-75CCB1BA0328}.Release|iPhone.Build.0 = Release|iPhone
		{773118B9-2102-4EB2-A426-75CCB1BA0328}.Release|iPhone.Deploy.0 = Release|iPhone
		{773118B9-2102-4EB2-A426-75CCB1BA0328}.Release|iPhoneSimulator.ActiveCfg = Release|iPhoneSimulator
		{773118B9-2102-4EB2-A426-75CCB1BA0328}.Release|iPhoneSimulator.Build.0 = Release|iPhoneSimulator
		{773118B9-2102-4EB2-A426-75CCB1BA0328}.Release|iPhoneSimulator.Deploy.0 = Release|iPhoneSimulator
		{773118B9-2102-4EB2-A426-75CCB1BA0328}.Release|x64.ActiveCfg = Release|iPhoneSimulator
		{773118B9-2102-4EB2-A426-75CCB1BA0328}.Release|x64.Build.0 = Release|iPhoneSimulator
		{773118B9-2102-4EB2-A426-75CCB1BA0328}.Release|x64.Deploy.0 = Release|iPhoneSimulator
		{773118B9-2102-4EB2-A426-75CCB1BA0328}.Release|x86.ActiveCfg = Release|iPhoneSimulator
		{773118B9-2102-4EB2-A426-75CCB1BA0328}.Release|x86.Build.0 = Release|iPhoneSimulator
		{773118B9-2102-4EB2-A426-75CCB1BA0328}.Release|x86.Deploy.0 = Release|iPhoneSimulator
		{C525D983-45DB-47A2-9C4B-40BEE5E626B8}.Debug|Any CPU.ActiveCfg = Debug|Any CPU
		{C525D983-45DB-47A2-9C4B-40BEE5E626B8}.Debug|Any CPU.Build.0 = Debug|Any CPU
		{C525D983-45DB-47A2-9C4B-40BEE5E626B8}.Debug|Any CPU.Deploy.0 = Debug|Any CPU
		{C525D983-45DB-47A2-9C4B-40BEE5E626B8}.Debug|ARM.ActiveCfg = Debug|Any CPU
		{C525D983-45DB-47A2-9C4B-40BEE5E626B8}.Debug|ARM.Build.0 = Debug|Any CPU
		{C525D983-45DB-47A2-9C4B-40BEE5E626B8}.Debug|ARM.Deploy.0 = Debug|Any CPU
		{C525D983-45DB-47A2-9C4B-40BEE5E626B8}.Debug|iPhone.ActiveCfg = Debug|Any CPU
		{C525D983-45DB-47A2-9C4B-40BEE5E626B8}.Debug|iPhone.Build.0 = Debug|Any CPU
		{C525D983-45DB-47A2-9C4B-40BEE5E626B8}.Debug|iPhone.Deploy.0 = Debug|Any CPU
		{C525D983-45DB-47A2-9C4B-40BEE5E626B8}.Debug|iPhoneSimulator.ActiveCfg = Debug|Any CPU
		{C525D983-45DB-47A2-9C4B-40BEE5E626B8}.Debug|iPhoneSimulator.Build.0 = Debug|Any CPU
		{C525D983-45DB-47A2-9C4B-40BEE5E626B8}.Debug|iPhoneSimulator.Deploy.0 = Debug|Any CPU
		{C525D983-45DB-47A2-9C4B-40BEE5E626B8}.Debug|x64.ActiveCfg = Debug|Any CPU
		{C525D983-45DB-47A2-9C4B-40BEE5E626B8}.Debug|x64.Build.0 = Debug|Any CPU
		{C525D983-45DB-47A2-9C4B-40BEE5E626B8}.Debug|x64.Deploy.0 = Debug|Any CPU
		{C525D983-45DB-47A2-9C4B-40BEE5E626B8}.Debug|x86.ActiveCfg = Debug|Any CPU
		{C525D983-45DB-47A2-9C4B-40BEE5E626B8}.Debug|x86.Build.0 = Debug|Any CPU
		{C525D983-45DB-47A2-9C4B-40BEE5E626B8}.Debug|x86.Deploy.0 = Debug|Any CPU
		{C525D983-45DB-47A2-9C4B-40BEE5E626B8}.Release|Any CPU.ActiveCfg = Release|Any CPU
		{C525D983-45DB-47A2-9C4B-40BEE5E626B8}.Release|Any CPU.Build.0 = Release|Any CPU
		{C525D983-45DB-47A2-9C4B-40BEE5E626B8}.Release|Any CPU.Deploy.0 = Release|Any CPU
		{C525D983-45DB-47A2-9C4B-40BEE5E626B8}.Release|ARM.ActiveCfg = Release|Any CPU
		{C525D983-45DB-47A2-9C4B-40BEE5E626B8}.Release|ARM.Build.0 = Release|Any CPU
		{C525D983-45DB-47A2-9C4B-40BEE5E626B8}.Release|ARM.Deploy.0 = Release|Any CPU
		{C525D983-45DB-47A2-9C4B-40BEE5E626B8}.Release|iPhone.ActiveCfg = Release|Any CPU
		{C525D983-45DB-47A2-9C4B-40BEE5E626B8}.Release|iPhone.Build.0 = Release|Any CPU
		{C525D983-45DB-47A2-9C4B-40BEE5E626B8}.Release|iPhone.Deploy.0 = Release|Any CPU
		{C525D983-45DB-47A2-9C4B-40BEE5E626B8}.Release|iPhoneSimulator.ActiveCfg = Release|Any CPU
		{C525D983-45DB-47A2-9C4B-40BEE5E626B8}.Release|iPhoneSimulator.Build.0 = Release|Any CPU
		{C525D983-45DB-47A2-9C4B-40BEE5E626B8}.Release|iPhoneSimulator.Deploy.0 = Release|Any CPU
		{C525D983-45DB-47A2-9C4B-40BEE5E626B8}.Release|x64.ActiveCfg = Release|Any CPU
		{C525D983-45DB-47A2-9C4B-40BEE5E626B8}.Release|x64.Build.0 = Release|Any CPU
		{C525D983-45DB-47A2-9C4B-40BEE5E626B8}.Release|x64.Deploy.0 = Release|Any CPU
		{C525D983-45DB-47A2-9C4B-40BEE5E626B8}.Release|x86.ActiveCfg = Release|Any CPU
		{C525D983-45DB-47A2-9C4B-40BEE5E626B8}.Release|x86.Build.0 = Release|Any CPU
		{C525D983-45DB-47A2-9C4B-40BEE5E626B8}.Release|x86.Deploy.0 = Release|Any CPU
	EndGlobalSection
	GlobalSection(SolutionProperties) = preSolution
		HideSolutionNode = FALSE
	EndGlobalSection
	GlobalSection(ExtensibilityGlobals) = postSolution
		SolutionGuid = {FC825290-00AA-4F85-94AF-EC12C75B7D47}
	EndGlobalSection
EndGlobal
